
Microsoft Visual Studio Solution File, Format Version 12.00
# Visual Studio Version 17
VisualStudioVersion = 17.4.33205.214
MinimumVisualStudioVersion = 10.0.40219.1
Project("{2150E333-8FDC-42A3-9474-1A3956D46DE8}") = "Src", "Src", "{60893EB8-B847-4C6A-9C46-14859DD903AA}"
EndProject
Project("{2150E333-8FDC-42A3-9474-1A3956D46DE8}") = "Core", "Core", "{D8AB73E2-6BEA-4688-A9DE-91DFFDEAE7A0}"
EndProject
Project("{9A19103F-16F7-4668-BE54-9A1E7A4F7556}") = "Focus.Business", "Focus.Business\Focus.Business.csproj", "{44CC6C44-5795-46EF-8100-ACA75BA1F701}"
EndProject
Project("{9A19103F-16F7-4668-BE54-9A1E7A4F7556}") = "Focus.Domain", "Focus.Domain\Focus.Domain.csproj", "{397C10DF-A71F-4366-AA2C-BA222512083A}"
EndProject
Project("{2150E333-8FDC-42A3-9474-1A3956D46DE8}") = "Infrastructure", "Infrastructure", "{E5ACA3D2-7085-4177-92B9-A1D457A9A69F}"
EndProject
Project("{9A19103F-16F7-4668-BE54-9A1E7A4F7556}") = "Focus.Persistence", "Focus.Persistence\Focus.Persistence.csproj", "{1A2C25DA-7F37-48E7-AF59-1C691B125D94}"
EndProject
Project("{2150E333-8FDC-42A3-9474-1A3956D46DE8}") = "Presentation", "Presentation", "{1258AA37-8D4D-480C-AD31-E815C296DC50}"
EndProject
Project("{9A19103F-16F7-4668-BE54-9A1E7A4F7556}") = "Noble.Api", "Noble.Api\Noble.Api.csproj", "{4A75C9D0-1B20-4EB4-B0F7-F97DDB269D30}"
EndProject
Project("{9A19103F-16F7-4668-BE54-9A1E7A4F7556}") = "Focus.External", "Focus.External\Focus.External.csproj", "{AF24318F-36E6-412A-BF9D-A60D330482F8}"
EndProject
Project("{FAE04EC0-301F-11D3-BF4B-00C04F79EFBC}") = "Noble.Report", "Noble.Report\Noble.Report.csproj", "{35BD0C1F-EF3D-4246-AC9A-5209FBACD4A5}"
EndProject
Global
	GlobalSection(SolutionConfigurationPlatforms) = preSolution
		Debug|Any CPU = Debug|Any CPU
		Release|Any CPU = Release|Any CPU
	EndGlobalSection
	GlobalSection(ProjectConfigurationPlatforms) = postSolution
		{44CC6C44-5795-46EF-8100-ACA75BA1F701}.Debug|Any CPU.ActiveCfg = Debug|Any CPU
		{44CC6C44-5795-46EF-8100-ACA75BA1F701}.Debug|Any CPU.Build.0 = Debug|Any CPU
		{44CC6C44-5795-46EF-8100-ACA75BA1F701}.Release|Any CPU.ActiveCfg = Release|Any CPU
		{44CC6C44-5795-46EF-8100-ACA75BA1F701}.Release|Any CPU.Build.0 = Release|Any CPU
		{397C10DF-A71F-4366-AA2C-BA222512083A}.Debug|Any CPU.ActiveCfg = Debug|Any CPU
		{397C10DF-A71F-4366-AA2C-BA222512083A}.Debug|Any CPU.Build.0 = Debug|Any CPU
		{397C10DF-A71F-4366-AA2C-BA222512083A}.Release|Any CPU.ActiveCfg = Release|Any CPU
		{397C10DF-A71F-4366-AA2C-BA222512083A}.Release|Any CPU.Build.0 = Release|Any CPU
		{1A2C25DA-7F37-48E7-AF59-1C691B125D94}.Debug|Any CPU.ActiveCfg = Debug|Any CPU
		{1A2C25DA-7F37-48E7-AF59-1C691B125D94}.Debug|Any CPU.Build.0 = Debug|Any CPU
		{1A2C25DA-7F37-48E7-AF59-1C691B125D94}.Release|Any CPU.ActiveCfg = Release|Any CPU
		{1A2C25DA-7F37-48E7-AF59-1C691B125D94}.Release|Any CPU.Build.0 = Release|Any CPU
		{4A75C9D0-1B20-4EB4-B0F7-F97DDB269D30}.Debug|Any CPU.ActiveCfg = Debug|Any CPU
		{4A75C9D0-1B20-4EB4-B0F7-F97DDB269D30}.Debug|Any CPU.Build.0 = Debug|Any CPU
		{4A75C9D0-1B20-4EB4-B0F7-F97DDB269D30}.Release|Any CPU.ActiveCfg = Release|Any CPU
		{4A75C9D0-1B20-4EB4-B0F7-F97DDB269D30}.Release|Any CPU.Build.0 = Release|Any CPU
		{AF24318F-36E6-412A-BF9D-A60D330482F8}.Debug|Any CPU.ActiveCfg = Debug|Any CPU
		{AF24318F-36E6-412A-BF9D-A60D330482F8}.Debug|Any CPU.Build.0 = Debug|Any CPU
		{AF24318F-36E6-412A-BF9D-A60D330482F8}.Release|Any CPU.ActiveCfg = Release|Any CPU
		{AF24318F-36E6-412A-BF9D-A60D330482F8}.Release|Any CPU.Build.0 = Release|Any CPU
		{35BD0C1F-EF3D-4246-AC9A-5209FBACD4A5}.Debug|Any CPU.ActiveCfg = Debug|Any CPU
		{35BD0C1F-EF3D-4246-AC9A-5209FBACD4A5}.Debug|Any CPU.Build.0 = Debug|Any CPU
		{35BD0C1F-EF3D-4246-AC9A-5209FBACD4A5}.Release|Any CPU.ActiveCfg = Release|Any CPU
		{35BD0C1F-EF3D-4246-AC9A-5209FBACD4A5}.Release|Any CPU.Build.0 = Release|Any CPU
	EndGlobalSection
	GlobalSection(SolutionProperties) = preSolution
		HideSolutionNode = FALSE
	EndGlobalSection
	GlobalSection(NestedProjects) = preSolution
		{D8AB73E2-6BEA-4688-A9DE-91DFFDEAE7A0} = {60893EB8-B847-4C6A-9C46-14859DD903AA}
		{44CC6C44-5795-46EF-8100-ACA75BA1F701} = {D8AB73E2-6BEA-4688-A9DE-91DFFDEAE7A0}
		{397C10DF-A71F-4366-AA2C-BA222512083A} = {D8AB73E2-6BEA-4688-A9DE-91DFFDEAE7A0}
		{E5ACA3D2-7085-4177-92B9-A1D457A9A69F} = {60893EB8-B847-4C6A-9C46-14859DD903AA}
		{1A2C25DA-7F37-48E7-AF59-1C691B125D94} = {E5ACA3D2-7085-4177-92B9-A1D457A9A69F}
		{1258AA37-8D4D-480C-AD31-E815C296DC50} = {60893EB8-B847-4C6A-9C46-14859DD903AA}
		{4A75C9D0-1B20-4EB4-B0F7-F97DDB269D30} = {1258AA37-8D4D-480C-AD31-E815C296DC50}
		{AF24318F-36E6-412A-BF9D-A60D330482F8} = {D8AB73E2-6BEA-4688-A9DE-91DFFDEAE7A0}
	EndGlobalSection
	GlobalSection(ExtensibilityGlobals) = postSolution
		SolutionGuid = {5E19D75C-DBDF-402C-8696-2847E63C6D34}
	EndGlobalSection
EndGlobal
